
Microsoft Visual Studio Solution File, Format Version 12.00
# Visual Studio Version 16
VisualStudioVersion = 16.0.31624.102
MinimumVisualStudioVersion = 10.0.40219.1
Project("{FAE04EC0-301F-11D3-BF4B-00C04F79EFBC}") = "Project1", "Project1\Project1.csproj", "{2F29C585-9C4E-4462-AA86-94F0C18A47F4}"
EndProject
Global
	GlobalSection(SolutionConfigurationPlatforms) = preSolution
		Debug|Any CPU = Debug|Any CPU
		Release|Any CPU = Release|Any CPU
	EndGlobalSection
	GlobalSection(ProjectConfigurationPlatforms) = postSolution
		{2F29C585-9C4E-4462-AA86-94F0C18A47F4}.Debug|Any CPU.ActiveCfg = Debug|Any CPU
		{2F29C585-9C4E-4462-AA86-94F0C18A47F4}.Debug|Any CPU.Build.0 = Debug|Any CPU
		{2F29C585-9C4E-4462-AA86-94F0C18A47F4}.Release|Any CPU.ActiveCfg = Release|Any CPU
		{2F29C585-9C4E-4462-AA86-94F0C18A47F4}.Release|Any CPU.Build.0 = Release|Any CPU
	EndGlobalSection
	GlobalSection(SolutionProperties) = preSolution
		HideSolutionNode = FALSE
	EndGlobalSection
	GlobalSection(ExtensibilityGlobals) = postSolution
		SolutionGuid = {66F7F56A-8BBD-47BE-8C03-C82D279AB5EC}
	EndGlobalSection
EndGlobal
